
Microsoft Visual Studio Solution File, Format Version 12.00
# Visual Studio Version 16
VisualStudioVersion = 16.6.30114.105
MinimumVisualStudioVersion = 10.0.40219.1
Project("{FAE04EC0-301F-11D3-BF4B-00C04F79EFBC}") = "Penguin.Cms.Images.Local", "Penguin.Cms.Images.Local.csproj", "{8262FE68-FEE2-493F-9139-3F13AA431DD5}"
EndProject
Project("{FAE04EC0-301F-11D3-BF4B-00C04F79EFBC}") = "Penguin.Images.Local", "..\Penguin.Images\Penguin.Images.Local.csproj", "{DADFB58A-A132-4BC4-9C73-F0BBFD39CFED}"
EndProject
Project("{FAE04EC0-301F-11D3-BF4B-00C04F79EFBC}") = "Penguin.Web.Data.Local", "..\Penguin.Web.Data\Penguin.Web.Data.Local.csproj", "{DA4F1D38-59A5-4848-9DFE-C0F046ED63A0}"
EndProject
Project("{FAE04EC0-301F-11D3-BF4B-00C04F79EFBC}") = "Penguin.Cms.Entities.Local", "..\Penguin.Cms.Entities\Penguin.Cms.Entities.Local.csproj", "{523CF262-BE4B-4244-B18F-22440E9C43AE}"
EndProject
Project("{FAE04EC0-301F-11D3-BF4B-00C04F79EFBC}") = "Penguin.Persistence.Abstractions.Local", "..\Penguin.Persistence.Abstractions\Penguin.Persistence.Abstractions.Local.csproj", "{929B9664-2EFC-4E58-99C3-A656E6C57DD9}"
EndProject
Project("{FAE04EC0-301F-11D3-BF4B-00C04F79EFBC}") = "Penguin.Entities.Abstractions.Local", "..\Penguin.Entities.Abstractions\Penguin.Entities.Abstractions.Local.csproj", "{0E0652E1-5546-48B8-BE09-B14E9C09FD6C}"
EndProject
Project("{FAE04EC0-301F-11D3-BF4B-00C04F79EFBC}") = "Penguin.Reflection.Extensions.Local", "..\Penguin.Reflection.Extensions\Penguin.Reflection.Extensions.Local.csproj", "{CAE6CA9D-13F0-4562-9BFB-4F4FBAA18F25}"
EndProject
Project("{FAE04EC0-301F-11D3-BF4B-00C04F79EFBC}") = "Penguin.Reflection.Abstractions.Local", "..\Penguin.Reflection.Abstractions\Penguin.Reflection.Abstractions.Local.csproj", "{374D7814-C864-4D4A-BC29-87182F165379}"
EndProject
Project("{FAE04EC0-301F-11D3-BF4B-00C04F79EFBC}") = "Penguin.Extensions.String.Local", "..\Penguin.Extensions.String\Penguin.Extensions.String.Local.csproj", "{269C1784-78CC-4511-8B7C-CFAD11480802}"
EndProject
Global
	GlobalSection(SolutionConfigurationPlatforms) = preSolution
		Debug|Any CPU = Debug|Any CPU
		Debug|x64 = Debug|x64
		Debug|x86 = Debug|x86
		Release|Any CPU = Release|Any CPU
		Release|x64 = Release|x64
		Release|x86 = Release|x86
	EndGlobalSection
	GlobalSection(SolutionProperties) = preSolution
		HideSolutionNode = FALSE
	EndGlobalSection
	GlobalSection(ProjectConfigurationPlatforms) = postSolution
		{8262FE68-FEE2-493F-9139-3F13AA431DD5}.Debug|Any CPU.ActiveCfg = Debug|Any CPU
		{8262FE68-FEE2-493F-9139-3F13AA431DD5}.Debug|Any CPU.Build.0 = Debug|Any CPU
		{8262FE68-FEE2-493F-9139-3F13AA431DD5}.Debug|x64.ActiveCfg = Debug|Any CPU
		{8262FE68-FEE2-493F-9139-3F13AA431DD5}.Debug|x64.Build.0 = Debug|Any CPU
		{8262FE68-FEE2-493F-9139-3F13AA431DD5}.Debug|x86.ActiveCfg = Debug|Any CPU
		{8262FE68-FEE2-493F-9139-3F13AA431DD5}.Debug|x86.Build.0 = Debug|Any CPU
		{8262FE68-FEE2-493F-9139-3F13AA431DD5}.Release|Any CPU.ActiveCfg = Release|Any CPU
		{8262FE68-FEE2-493F-9139-3F13AA431DD5}.Release|Any CPU.Build.0 = Release|Any CPU
		{8262FE68-FEE2-493F-9139-3F13AA431DD5}.Release|x64.ActiveCfg = Release|Any CPU
		{8262FE68-FEE2-493F-9139-3F13AA431DD5}.Release|x64.Build.0 = Release|Any CPU
		{8262FE68-FEE2-493F-9139-3F13AA431DD5}.Release|x86.ActiveCfg = Release|Any CPU
		{8262FE68-FEE2-493F-9139-3F13AA431DD5}.Release|x86.Build.0 = Release|Any CPU
		{DADFB58A-A132-4BC4-9C73-F0BBFD39CFED}.Debug|Any CPU.ActiveCfg = Debug|Any CPU
		{DADFB58A-A132-4BC4-9C73-F0BBFD39CFED}.Debug|Any CPU.Build.0 = Debug|Any CPU
		{DADFB58A-A132-4BC4-9C73-F0BBFD39CFED}.Debug|x64.ActiveCfg = Debug|Any CPU
		{DADFB58A-A132-4BC4-9C73-F0BBFD39CFED}.Debug|x64.Build.0 = Debug|Any CPU
		{DADFB58A-A132-4BC4-9C73-F0BBFD39CFED}.Debug|x86.ActiveCfg = Debug|Any CPU
		{DADFB58A-A132-4BC4-9C73-F0BBFD39CFED}.Debug|x86.Build.0 = Debug|Any CPU
		{DADFB58A-A132-4BC4-9C73-F0BBFD39CFED}.Release|Any CPU.ActiveCfg = Release|Any CPU
		{DADFB58A-A132-4BC4-9C73-F0BBFD39CFED}.Release|Any CPU.Build.0 = Release|Any CPU
		{DADFB58A-A132-4BC4-9C73-F0BBFD39CFED}.Release|x64.ActiveCfg = Release|Any CPU
		{DADFB58A-A132-4BC4-9C73-F0BBFD39CFED}.Release|x64.Build.0 = Release|Any CPU
		{DADFB58A-A132-4BC4-9C73-F0BBFD39CFED}.Release|x86.ActiveCfg = Release|Any CPU
		{DADFB58A-A132-4BC4-9C73-F0BBFD39CFED}.Release|x86.Build.0 = Release|Any CPU
		{DA4F1D38-59A5-4848-9DFE-C0F046ED63A0}.Debug|Any CPU.ActiveCfg = Debug|Any CPU
		{DA4F1D38-59A5-4848-9DFE-C0F046ED63A0}.Debug|Any CPU.Build.0 = Debug|Any CPU
		{DA4F1D38-59A5-4848-9DFE-C0F046ED63A0}.Debug|x64.ActiveCfg = Debug|Any CPU
		{DA4F1D38-59A5-4848-9DFE-C0F046ED63A0}.Debug|x64.Build.0 = Debug|Any CPU
		{DA4F1D38-59A5-4848-9DFE-C0F046ED63A0}.Debug|x86.ActiveCfg = Debug|Any CPU
		{DA4F1D38-59A5-4848-9DFE-C0F046ED63A0}.Debug|x86.Build.0 = Debug|Any CPU
		{DA4F1D38-59A5-4848-9DFE-C0F046ED63A0}.Release|Any CPU.ActiveCfg = Release|Any CPU
		{DA4F1D38-59A5-4848-9DFE-C0F046ED63A0}.Release|Any CPU.Build.0 = Release|Any CPU
		{DA4F1D38-59A5-4848-9DFE-C0F046ED63A0}.Release|x64.ActiveCfg = Release|Any CPU
		{DA4F1D38-59A5-4848-9DFE-C0F046ED63A0}.Release|x64.Build.0 = Release|Any CPU
		{DA4F1D38-59A5-4848-9DFE-C0F046ED63A0}.Release|x86.ActiveCfg = Release|Any CPU
		{DA4F1D38-59A5-4848-9DFE-C0F046ED63A0}.Release|x86.Build.0 = Release|Any CPU
		{523CF262-BE4B-4244-B18F-22440E9C43AE}.Debug|Any CPU.ActiveCfg = Debug|Any CPU
		{523CF262-BE4B-4244-B18F-22440E9C43AE}.Debug|Any CPU.Build.0 = Debug|Any CPU
		{523CF262-BE4B-4244-B18F-22440E9C43AE}.Debug|x64.ActiveCfg = Debug|Any CPU
		{523CF262-BE4B-4244-B18F-22440E9C43AE}.Debug|x64.Build.0 = Debug|Any CPU
		{523CF262-BE4B-4244-B18F-22440E9C43AE}.Debug|x86.ActiveCfg = Debug|Any CPU
		{523CF262-BE4B-4244-B18F-22440E9C43AE}.Debug|x86.Build.0 = Debug|Any CPU
		{523CF262-BE4B-4244-B18F-22440E9C43AE}.Release|Any CPU.ActiveCfg = Release|Any CPU
		{523CF262-BE4B-4244-B18F-22440E9C43AE}.Release|Any CPU.Build.0 = Release|Any CPU
		{523CF262-BE4B-4244-B18F-22440E9C43AE}.Release|x64.ActiveCfg = Release|Any CPU
		{523CF262-BE4B-4244-B18F-22440E9C43AE}.Release|x64.Build.0 = Release|Any CPU
		{523CF262-BE4B-4244-B18F-22440E9C43AE}.Release|x86.ActiveCfg = Release|Any CPU
		{523CF262-BE4B-4244-B18F-22440E9C43AE}.Release|x86.Build.0 = Release|Any CPU
		{929B9664-2EFC-4E58-99C3-A656E6C57DD9}.Debug|Any CPU.ActiveCfg = Debug|Any CPU
		{929B9664-2EFC-4E58-99C3-A656E6C57DD9}.Debug|Any CPU.Build.0 = Debug|Any CPU
		{929B9664-2EFC-4E58-99C3-A656E6C57DD9}.Debug|x64.ActiveCfg = Debug|Any CPU
		{929B9664-2EFC-4E58-99C3-A656E6C57DD9}.Debug|x64.Build.0 = Debug|Any CPU
		{929B9664-2EFC-4E58-99C3-A656E6C57DD9}.Debug|x86.ActiveCfg = Debug|Any CPU
		{929B9664-2EFC-4E58-99C3-A656E6C57DD9}.Debug|x86.Build.0 = Debug|Any CPU
		{929B9664-2EFC-4E58-99C3-A656E6C57DD9}.Release|Any CPU.ActiveCfg = Release|Any CPU
		{929B9664-2EFC-4E58-99C3-A656E6C57DD9}.Release|Any CPU.Build.0 = Release|Any CPU
		{929B9664-2EFC-4E58-99C3-A656E6C57DD9}.Release|x64.ActiveCfg = Release|Any CPU
		{929B9664-2EFC-4E58-99C3-A656E6C57DD9}.Release|x64.Build.0 = Release|Any CPU
		{929B9664-2EFC-4E58-99C3-A656E6C57DD9}.Release|x86.ActiveCfg = Release|Any CPU
		{929B9664-2EFC-4E58-99C3-A656E6C57DD9}.Release|x86.Build.0 = Release|Any CPU
		{0E0652E1-5546-48B8-BE09-B14E9C09FD6C}.Debug|Any CPU.ActiveCfg = Debug|Any CPU
		{0E0652E1-5546-48B8-BE09-B14E9C09FD6C}.Debug|Any CPU.Build.0 = Debug|Any CPU
		{0E0652E1-5546-48B8-BE09-B14E9C09FD6C}.Debug|x64.ActiveCfg = Debug|Any CPU
		{0E0652E1-5546-48B8-BE09-B14E9C09FD6C}.Debug|x64.Build.0 = Debug|Any CPU
		{0E0652E1-5546-48B8-BE09-B14E9C09FD6C}.Debug|x86.ActiveCfg = Debug|Any CPU
		{0E0652E1-5546-48B8-BE09-B14E9C09FD6C}.Debug|x86.Build.0 = Debug|Any CPU
		{0E0652E1-5546-48B8-BE09-B14E9C09FD6C}.Release|Any CPU.ActiveCfg = Release|Any CPU
		{0E0652E1-5546-48B8-BE09-B14E9C09FD6C}.Release|Any CPU.Build.0 = Release|Any CPU
		{0E0652E1-5546-48B8-BE09-B14E9C09FD6C}.Release|x64.ActiveCfg = Release|Any CPU
		{0E0652E1-5546-48B8-BE09-B14E9C09FD6C}.Release|x64.Build.0 = Release|Any CPU
		{0E0652E1-5546-48B8-BE09-B14E9C09FD6C}.Release|x86.ActiveCfg = Release|Any CPU
		{0E0652E1-5546-48B8-BE09-B14E9C09FD6C}.Release|x86.Build.0 = Release|Any CPU
		{CAE6CA9D-13F0-4562-9BFB-4F4FBAA18F25}.Debug|Any CPU.ActiveCfg = Debug|Any CPU
		{CAE6CA9D-13F0-4562-9BFB-4F4FBAA18F25}.Debug|Any CPU.Build.0 = Debug|Any CPU
		{CAE6CA9D-13F0-4562-9BFB-4F4FBAA18F25}.Debug|x64.ActiveCfg = Debug|Any CPU
		{CAE6CA9D-13F0-4562-9BFB-4F4FBAA18F25}.Debug|x64.Build.0 = Debug|Any CPU
		{CAE6CA9D-13F0-4562-9BFB-4F4FBAA18F25}.Debug|x86.ActiveCfg = Debug|Any CPU
		{CAE6CA9D-13F0-4562-9BFB-4F4FBAA18F25}.Debug|x86.Build.0 = Debug|Any CPU
		{CAE6CA9D-13F0-4562-9BFB-4F4FBAA18F25}.Release|Any CPU.ActiveCfg = Release|Any CPU
		{CAE6CA9D-13F0-4562-9BFB-4F4FBAA18F25}.Release|Any CPU.Build.0 = Release|Any CPU
		{CAE6CA9D-13F0-4562-9BFB-4F4FBAA18F25}.Release|x64.ActiveCfg = Release|Any CPU
		{CAE6CA9D-13F0-4562-9BFB-4F4FBAA18F25}.Release|x64.Build.0 = Release|Any CPU
		{CAE6CA9D-13F0-4562-9BFB-4F4FBAA18F25}.Release|x86.ActiveCfg = Release|Any CPU
		{CAE6CA9D-13F0-4562-9BFB-4F4FBAA18F25}.Release|x86.Build.0 = Release|Any CPU
		{374D7814-C864-4D4A-BC29-87182F165379}.Debug|Any CPU.ActiveCfg = Debug|Any CPU
		{374D7814-C864-4D4A-BC29-87182F165379}.Debug|Any CPU.Build.0 = Debug|Any CPU
		{374D7814-C864-4D4A-BC29-87182F165379}.Debug|x64.ActiveCfg = Debug|Any CPU
		{374D7814-C864-4D4A-BC29-87182F165379}.Debug|x64.Build.0 = Debug|Any CPU
		{374D7814-C864-4D4A-BC29-87182F165379}.Debug|x86.ActiveCfg = Debug|Any CPU
		{374D7814-C864-4D4A-BC29-87182F165379}.Debug|x86.Build.0 = Debug|Any CPU
		{374D7814-C864-4D4A-BC29-87182F165379}.Release|Any CPU.ActiveCfg = Release|Any CPU
		{374D7814-C864-4D4A-BC29-87182F165379}.Release|Any CPU.Build.0 = Release|Any CPU
		{374D7814-C864-4D4A-BC29-87182F165379}.Release|x64.ActiveCfg = Release|Any CPU
		{374D7814-C864-4D4A-BC29-87182F165379}.Release|x64.Build.0 = Release|Any CPU
		{374D7814-C864-4D4A-BC29-87182F165379}.Release|x86.ActiveCfg = Release|Any CPU
		{374D7814-C864-4D4A-BC29-87182F165379}.Release|x86.Build.0 = Release|Any CPU
		{269C1784-78CC-4511-8B7C-CFAD11480802}.Debug|Any CPU.ActiveCfg = Debug|Any CPU
		{269C1784-78CC-4511-8B7C-CFAD11480802}.Debug|Any CPU.Build.0 = Debug|Any CPU
		{269C1784-78CC-4511-8B7C-CFAD11480802}.Debug|x64.ActiveCfg = Debug|Any CPU
		{269C1784-78CC-4511-8B7C-CFAD11480802}.Debug|x64.Build.0 = Debug|Any CPU
		{269C1784-78CC-4511-8B7C-CFAD11480802}.Debug|x86.ActiveCfg = Debug|Any CPU
		{269C1784-78CC-4511-8B7C-CFAD11480802}.Debug|x86.Build.0 = Debug|Any CPU
		{269C1784-78CC-4511-8B7C-CFAD11480802}.Release|Any CPU.ActiveCfg = Release|Any CPU
		{269C1784-78CC-4511-8B7C-CFAD11480802}.Release|Any CPU.Build.0 = Release|Any CPU
		{269C1784-78CC-4511-8B7C-CFAD11480802}.Release|x64.ActiveCfg = Release|Any CPU
		{269C1784-78CC-4511-8B7C-CFAD11480802}.Release|x64.Build.0 = Release|Any CPU
		{269C1784-78CC-4511-8B7C-CFAD11480802}.Release|x86.ActiveCfg = Release|Any CPU
		{269C1784-78CC-4511-8B7C-CFAD11480802}.Release|x86.Build.0 = Release|Any CPU
	EndGlobalSection
EndGlobal
